
Microsoft Visual Studio Solution File, Format Version 12.00
# Visual Studio Version 17
VisualStudioVersion = 17.7.34024.191
MinimumVisualStudioVersion = 10.0.40219.1
Project("{FAE04EC0-301F-11D3-BF4B-00C04F79EFBC}") = "6.11", "6.11\6.11.csproj", "{185216D9-0328-4F98-BC6E-A18A672C3B4E}"
EndProject
Global
	GlobalSection(SolutionConfigurationPlatforms) = preSolution
		Debug|Any CPU = Debug|Any CPU
		Release|Any CPU = Release|Any CPU
	EndGlobalSection
	GlobalSection(ProjectConfigurationPlatforms) = postSolution
		{185216D9-0328-4F98-BC6E-A18A672C3B4E}.Debug|Any CPU.ActiveCfg = Debug|Any CPU
		{185216D9-0328-4F98-BC6E-A18A672C3B4E}.Debug|Any CPU.Build.0 = Debug|Any CPU
		{185216D9-0328-4F98-BC6E-A18A672C3B4E}.Release|Any CPU.ActiveCfg = Release|Any CPU
		{185216D9-0328-4F98-BC6E-A18A672C3B4E}.Release|Any CPU.Build.0 = Release|Any CPU
	EndGlobalSection
	GlobalSection(SolutionProperties) = preSolution
		HideSolutionNode = FALSE
	EndGlobalSection
	GlobalSection(ExtensibilityGlobals) = postSolution
		SolutionGuid = {7620B117-0716-49BA-9023-BB5CB2EF4433}
	EndGlobalSection
EndGlobal
